{
	"name": "servitsy",
	"version": "0.1.0-alpha.4",
	"lockfileVersion": 3,
	"requires": true,
	"packages": {
		"": {
			"name": "servitsy",
			"version": "0.1.0-alpha.4",
			"bin": {
				"servitsy": "bin/servitsy.js"
			},
			"devDependencies": {
				"@types/node": "^20.16.2",
				"prettier": "^3.3.3",
				"typescript": "~5.5.4"
			}
		},
		"node_modules/@types/node": {
			"version": "20.16.2",
			"resolved": "https://registry.npmjs.org/@types/node/-/node-20.16.2.tgz",
			"integrity": "sha512-91s/n4qUPV/wg8eE9KHYW1kouTfDk2FPGjXbBMfRWP/2vg1rCXNQL1OCabwGs0XSdukuK+MwCDXE30QpSeMUhQ==",
			"dev": true,
			"license": "MIT",
			"dependencies": {
				"undici-types": "~6.19.2"
			}
		},
		"node_modules/prettier": {
			"version": "3.3.3",
			"dev": true,
			"license": "MIT",
			"bin": {
				"prettier": "bin/prettier.cjs"
			},
			"engines": {
				"node": ">=14"
			},
			"funding": {
				"url": "https://github.com/prettier/prettier?sponsor=1"
			}
		},
		"node_modules/typescript": {
			"version": "5.5.4",
			"resolved": "https://registry.npmjs.org/typescript/-/typescript-5.5.4.tgz",
			"integrity": "sha512-Mtq29sKDAEYP7aljRgtPOpTvOfbwRWlS6dPRzwjdE+C0R4brX/GUyhHSecbHMFLNBLcJIPt9nl9yG5TZ1weH+Q==",
			"dev": true,
			"bin": {
				"tsc": "bin/tsc",
				"tsserver": "bin/tsserver"
			},
			"engines": {
				"node": ">=14.17"
			}
		},
		"node_modules/undici-types": {
			"version": "6.19.8",
			"resolved": "https://registry.npmjs.org/undici-types/-/undici-types-6.19.8.tgz",
			"integrity": "sha512-ve2KP6f/JnbPBFyobGHuerC9g1FYGn/F8n1LWTwNxCEzd6IfqTwUQcNXgEtmmQ6DlRrC1hrSrBnCZPokRrDHjw==",
			"dev": true,
			"license": "MIT"
		}
	}
}
