{
	"name": "servitsy",
	"version": "0.1.0-alpha.1",
	"lockfileVersion": 3,
	"requires": true,
	"packages": {
		"": {
			"name": "servitsy",
			"version": "0.1.0-alpha.1",
			"bin": {
				"servitsy": "bin/servitsy.js"
			},
			"devDependencies": {
				"@types/node": "20.14.13",
				"prettier": "^3.3.3",
				"typescript": "~5.5.4"
			}
		},
		"node_modules/@types/node": {
			"version": "20.14.13",
			"resolved": "https://registry.npmjs.org/@types/node/-/node-20.14.13.tgz",
			"integrity": "sha512-+bHoGiZb8UiQ0+WEtmph2IWQCjIqg8MDZMAV+ppRRhUZnquF5mQkP/9vpSwJClEiSM/C7fZZExPzfU0vJTyp8w==",
			"dev": true,
			"license": "MIT",
			"dependencies": {
				"undici-types": "~5.26.4"
			}
		},
		"node_modules/prettier": {
			"version": "3.3.3",
			"dev": true,
			"license": "MIT",
			"bin": {
				"prettier": "bin/prettier.cjs"
			},
			"engines": {
				"node": ">=14"
			},
			"funding": {
				"url": "https://github.com/prettier/prettier?sponsor=1"
			}
		},
		"node_modules/typescript": {
			"version": "5.5.4",
			"resolved": "https://registry.npmjs.org/typescript/-/typescript-5.5.4.tgz",
			"integrity": "sha512-Mtq29sKDAEYP7aljRgtPOpTvOfbwRWlS6dPRzwjdE+C0R4brX/GUyhHSecbHMFLNBLcJIPt9nl9yG5TZ1weH+Q==",
			"dev": true,
			"bin": {
				"tsc": "bin/tsc",
				"tsserver": "bin/tsserver"
			},
			"engines": {
				"node": ">=14.17"
			}
		},
		"node_modules/undici-types": {
			"version": "5.26.5",
			"dev": true,
			"license": "MIT"
		}
	}
}
