{
	"name": "servitsy",
	"version": "0.1.3",
	"lockfileVersion": 3,
	"requires": true,
	"packages": {
		"": {
			"name": "servitsy",
			"version": "0.1.3",
			"bin": {
				"servitsy": "bin/servitsy.js"
			},
			"devDependencies": {
				"@types/node": "^20.16.5",
				"linkedom": "^0.18.5",
				"memfs": "^4.12.0",
				"prettier": "^3.3.3",
				"typescript": "~5.6.2"
			}
		},
		"node_modules/@jsonjoy.com/base64": {
			"version": "1.1.2",
			"resolved": "https://registry.npmjs.org/@jsonjoy.com/base64/-/base64-1.1.2.tgz",
			"integrity": "sha512-q6XAnWQDIMA3+FTiOYajoYqySkO+JSat0ytXGSuRdq9uXE7o92gzuQwQM14xaCRlBLGq3v5miDGC4vkVTn54xA==",
			"dev": true,
			"license": "Apache-2.0",
			"engines": {
				"node": ">=10.0"
			},
			"funding": {
				"type": "github",
				"url": "https://github.com/sponsors/streamich"
			},
			"peerDependencies": {
				"tslib": "2"
			}
		},
		"node_modules/@jsonjoy.com/json-pack": {
			"version": "1.1.0",
			"resolved": "https://registry.npmjs.org/@jsonjoy.com/json-pack/-/json-pack-1.1.0.tgz",
			"integrity": "sha512-zlQONA+msXPPwHWZMKFVS78ewFczIll5lXiVPwFPCZUsrOKdxc2AvxU1HoNBmMRhqDZUR9HkC3UOm+6pME6Xsg==",
			"dev": true,
			"license": "Apache-2.0",
			"dependencies": {
				"@jsonjoy.com/base64": "^1.1.1",
				"@jsonjoy.com/util": "^1.1.2",
				"hyperdyperid": "^1.2.0",
				"thingies": "^1.20.0"
			},
			"engines": {
				"node": ">=10.0"
			},
			"funding": {
				"type": "github",
				"url": "https://github.com/sponsors/streamich"
			},
			"peerDependencies": {
				"tslib": "2"
			}
		},
		"node_modules/@jsonjoy.com/util": {
			"version": "1.3.0",
			"resolved": "https://registry.npmjs.org/@jsonjoy.com/util/-/util-1.3.0.tgz",
			"integrity": "sha512-Cebt4Vk7k1xHy87kHY7KSPLT77A7Ev7IfOblyLZhtYEhrdQ6fX4EoLq3xOQ3O/DRMEh2ok5nyC180E+ABS8Wmw==",
			"dev": true,
			"license": "Apache-2.0",
			"engines": {
				"node": ">=10.0"
			},
			"funding": {
				"type": "github",
				"url": "https://github.com/sponsors/streamich"
			},
			"peerDependencies": {
				"tslib": "2"
			}
		},
		"node_modules/@types/node": {
			"version": "20.16.5",
			"resolved": "https://registry.npmjs.org/@types/node/-/node-20.16.5.tgz",
			"integrity": "sha512-VwYCweNo3ERajwy0IUlqqcyZ8/A7Zwa9ZP3MnENWcB11AejO+tLy3pu850goUW2FC/IJMdZUfKpX/yxL1gymCA==",
			"dev": true,
			"license": "MIT",
			"dependencies": {
				"undici-types": "~6.19.2"
			}
		},
		"node_modules/boolbase": {
			"version": "1.0.0",
			"resolved": "https://registry.npmjs.org/boolbase/-/boolbase-1.0.0.tgz",
			"integrity": "sha512-JZOSA7Mo9sNGB8+UjSgzdLtokWAky1zbztM3WRLCbZ70/3cTANmQmOdR7y2g+J0e2WXywy1yS468tY+IruqEww==",
			"dev": true,
			"license": "ISC"
		},
		"node_modules/css-select": {
			"version": "5.1.0",
			"resolved": "https://registry.npmjs.org/css-select/-/css-select-5.1.0.tgz",
			"integrity": "sha512-nwoRF1rvRRnnCqqY7updORDsuqKzqYJ28+oSMaJMMgOauh3fvwHqMS7EZpIPqK8GL+g9mKxF1vP/ZjSeNjEVHg==",
			"dev": true,
			"license": "BSD-2-Clause",
			"dependencies": {
				"boolbase": "^1.0.0",
				"css-what": "^6.1.0",
				"domhandler": "^5.0.2",
				"domutils": "^3.0.1",
				"nth-check": "^2.0.1"
			},
			"funding": {
				"url": "https://github.com/sponsors/fb55"
			}
		},
		"node_modules/css-what": {
			"version": "6.1.0",
			"resolved": "https://registry.npmjs.org/css-what/-/css-what-6.1.0.tgz",
			"integrity": "sha512-HTUrgRJ7r4dsZKU6GjmpfRK1O76h97Z8MfS1G0FozR+oF2kG6Vfe8JE6zwrkbxigziPHinCJ+gCPjA9EaBDtRw==",
			"dev": true,
			"license": "BSD-2-Clause",
			"engines": {
				"node": ">= 6"
			},
			"funding": {
				"url": "https://github.com/sponsors/fb55"
			}
		},
		"node_modules/cssom": {
			"version": "0.5.0",
			"resolved": "https://registry.npmjs.org/cssom/-/cssom-0.5.0.tgz",
			"integrity": "sha512-iKuQcq+NdHqlAcwUY0o/HL69XQrUaQdMjmStJ8JFmUaiiQErlhrmuigkg/CU4E2J0IyUKUrMAgl36TvN67MqTw==",
			"dev": true,
			"license": "MIT"
		},
		"node_modules/dom-serializer": {
			"version": "2.0.0",
			"resolved": "https://registry.npmjs.org/dom-serializer/-/dom-serializer-2.0.0.tgz",
			"integrity": "sha512-wIkAryiqt/nV5EQKqQpo3SToSOV9J0DnbJqwK7Wv/Trc92zIAYZ4FlMu+JPFW1DfGFt81ZTCGgDEabffXeLyJg==",
			"dev": true,
			"license": "MIT",
			"dependencies": {
				"domelementtype": "^2.3.0",
				"domhandler": "^5.0.2",
				"entities": "^4.2.0"
			},
			"funding": {
				"url": "https://github.com/cheeriojs/dom-serializer?sponsor=1"
			}
		},
		"node_modules/domelementtype": {
			"version": "2.3.0",
			"resolved": "https://registry.npmjs.org/domelementtype/-/domelementtype-2.3.0.tgz",
			"integrity": "sha512-OLETBj6w0OsagBwdXnPdN0cnMfF9opN69co+7ZrbfPGrdpPVNBUj02spi6B1N7wChLQiPn4CSH/zJvXw56gmHw==",
			"dev": true,
			"funding": [
				{
					"type": "github",
					"url": "https://github.com/sponsors/fb55"
				}
			],
			"license": "BSD-2-Clause"
		},
		"node_modules/domhandler": {
			"version": "5.0.3",
			"resolved": "https://registry.npmjs.org/domhandler/-/domhandler-5.0.3.tgz",
			"integrity": "sha512-cgwlv/1iFQiFnU96XXgROh8xTeetsnJiDsTc7TYCLFd9+/WNkIqPTxiM/8pSd8VIrhXGTf1Ny1q1hquVqDJB5w==",
			"dev": true,
			"license": "BSD-2-Clause",
			"dependencies": {
				"domelementtype": "^2.3.0"
			},
			"engines": {
				"node": ">= 4"
			},
			"funding": {
				"url": "https://github.com/fb55/domhandler?sponsor=1"
			}
		},
		"node_modules/domutils": {
			"version": "3.1.0",
			"resolved": "https://registry.npmjs.org/domutils/-/domutils-3.1.0.tgz",
			"integrity": "sha512-H78uMmQtI2AhgDJjWeQmHwJJ2bLPD3GMmO7Zja/ZZh84wkm+4ut+IUnUdRa8uCGX88DiVx1j6FRe1XfxEgjEZA==",
			"dev": true,
			"license": "BSD-2-Clause",
			"dependencies": {
				"dom-serializer": "^2.0.0",
				"domelementtype": "^2.3.0",
				"domhandler": "^5.0.3"
			},
			"funding": {
				"url": "https://github.com/fb55/domutils?sponsor=1"
			}
		},
		"node_modules/entities": {
			"version": "4.5.0",
			"resolved": "https://registry.npmjs.org/entities/-/entities-4.5.0.tgz",
			"integrity": "sha512-V0hjH4dGPh9Ao5p0MoRY6BVqtwCjhz6vI5LT8AJ55H+4g9/4vbHx1I54fS0XuclLhDHArPQCiMjDxjaL8fPxhw==",
			"dev": true,
			"license": "BSD-2-Clause",
			"engines": {
				"node": ">=0.12"
			},
			"funding": {
				"url": "https://github.com/fb55/entities?sponsor=1"
			}
		},
		"node_modules/html-escaper": {
			"version": "3.0.3",
			"resolved": "https://registry.npmjs.org/html-escaper/-/html-escaper-3.0.3.tgz",
			"integrity": "sha512-RuMffC89BOWQoY0WKGpIhn5gX3iI54O6nRA0yC124NYVtzjmFWBIiFd8M0x+ZdX0P9R4lADg1mgP8C7PxGOWuQ==",
			"dev": true,
			"license": "MIT"
		},
		"node_modules/htmlparser2": {
			"version": "9.1.0",
			"resolved": "https://registry.npmjs.org/htmlparser2/-/htmlparser2-9.1.0.tgz",
			"integrity": "sha512-5zfg6mHUoaer/97TxnGpxmbR7zJtPwIYFMZ/H5ucTlPZhKvtum05yiPK3Mgai3a0DyVxv7qYqoweaEd2nrYQzQ==",
			"dev": true,
			"funding": [
				"https://github.com/fb55/htmlparser2?sponsor=1",
				{
					"type": "github",
					"url": "https://github.com/sponsors/fb55"
				}
			],
			"license": "MIT",
			"dependencies": {
				"domelementtype": "^2.3.0",
				"domhandler": "^5.0.3",
				"domutils": "^3.1.0",
				"entities": "^4.5.0"
			}
		},
		"node_modules/hyperdyperid": {
			"version": "1.2.0",
			"resolved": "https://registry.npmjs.org/hyperdyperid/-/hyperdyperid-1.2.0.tgz",
			"integrity": "sha512-Y93lCzHYgGWdrJ66yIktxiaGULYc6oGiABxhcO5AufBeOyoIdZF7bIfLaOrbM0iGIOXQQgxxRrFEnb+Y6w1n4A==",
			"dev": true,
			"license": "MIT",
			"engines": {
				"node": ">=10.18"
			}
		},
		"node_modules/linkedom": {
			"version": "0.18.5",
			"resolved": "https://registry.npmjs.org/linkedom/-/linkedom-0.18.5.tgz",
			"integrity": "sha512-JGLaGGtqtu+eOhYrC1wkWYTBcpVWL4AsnwAtMtgO1Q0gI0PuPJKI0zBBE+a/1BrhOE3Uw8JI/ycByAv5cLrAuQ==",
			"dev": true,
			"license": "ISC",
			"dependencies": {
				"css-select": "^5.1.0",
				"cssom": "^0.5.0",
				"html-escaper": "^3.0.3",
				"htmlparser2": "^9.1.0",
				"uhyphen": "^0.2.0"
			}
		},
		"node_modules/memfs": {
			"version": "4.12.0",
			"resolved": "https://registry.npmjs.org/memfs/-/memfs-4.12.0.tgz",
			"integrity": "sha512-74wDsex5tQDSClVkeK1vtxqYCAgCoXxx+K4NSHzgU/muYVYByFqa+0RnrPO9NM6naWm1+G9JmZ0p6QHhXmeYfA==",
			"dev": true,
			"license": "Apache-2.0",
			"dependencies": {
				"@jsonjoy.com/json-pack": "^1.0.3",
				"@jsonjoy.com/util": "^1.3.0",
				"tree-dump": "^1.0.1",
				"tslib": "^2.0.0"
			},
			"engines": {
				"node": ">= 4.0.0"
			},
			"funding": {
				"type": "github",
				"url": "https://github.com/sponsors/streamich"
			}
		},
		"node_modules/nth-check": {
			"version": "2.1.1",
			"resolved": "https://registry.npmjs.org/nth-check/-/nth-check-2.1.1.tgz",
			"integrity": "sha512-lqjrjmaOoAnWfMmBPL+XNnynZh2+swxiX3WUE0s4yEHI6m+AwrK2UZOimIRl3X/4QctVqS8AiZjFqyOGrMXb/w==",
			"dev": true,
			"license": "BSD-2-Clause",
			"dependencies": {
				"boolbase": "^1.0.0"
			},
			"funding": {
				"url": "https://github.com/fb55/nth-check?sponsor=1"
			}
		},
		"node_modules/prettier": {
			"version": "3.3.3",
			"dev": true,
			"license": "MIT",
			"bin": {
				"prettier": "bin/prettier.cjs"
			},
			"engines": {
				"node": ">=14"
			},
			"funding": {
				"url": "https://github.com/prettier/prettier?sponsor=1"
			}
		},
		"node_modules/thingies": {
			"version": "1.21.0",
			"resolved": "https://registry.npmjs.org/thingies/-/thingies-1.21.0.tgz",
			"integrity": "sha512-hsqsJsFMsV+aD4s3CWKk85ep/3I9XzYV/IXaSouJMYIoDlgyi11cBhsqYe9/geRfB0YIikBQg6raRaM+nIMP9g==",
			"dev": true,
			"license": "Unlicense",
			"engines": {
				"node": ">=10.18"
			},
			"peerDependencies": {
				"tslib": "^2"
			}
		},
		"node_modules/tree-dump": {
			"version": "1.0.2",
			"resolved": "https://registry.npmjs.org/tree-dump/-/tree-dump-1.0.2.tgz",
			"integrity": "sha512-dpev9ABuLWdEubk+cIaI9cHwRNNDjkBBLXTwI4UCUFdQ5xXKqNXoK4FEciw/vxf+NQ7Cb7sGUyeUtORvHIdRXQ==",
			"dev": true,
			"license": "Apache-2.0",
			"engines": {
				"node": ">=10.0"
			},
			"funding": {
				"type": "github",
				"url": "https://github.com/sponsors/streamich"
			},
			"peerDependencies": {
				"tslib": "2"
			}
		},
		"node_modules/tslib": {
			"version": "2.7.0",
			"resolved": "https://registry.npmjs.org/tslib/-/tslib-2.7.0.tgz",
			"integrity": "sha512-gLXCKdN1/j47AiHiOkJN69hJmcbGTHI0ImLmbYLHykhgeN0jVGola9yVjFgzCUklsZQMW55o+dW7IXv3RCXDzA==",
			"dev": true,
			"license": "0BSD"
		},
		"node_modules/typescript": {
			"version": "5.6.2",
			"resolved": "https://registry.npmjs.org/typescript/-/typescript-5.6.2.tgz",
			"integrity": "sha512-NW8ByodCSNCwZeghjN3o+JX5OFH0Ojg6sadjEKY4huZ52TqbJTJnDo5+Tw98lSy63NZvi4n+ez5m2u5d4PkZyw==",
			"dev": true,
			"license": "Apache-2.0",
			"bin": {
				"tsc": "bin/tsc",
				"tsserver": "bin/tsserver"
			},
			"engines": {
				"node": ">=14.17"
			}
		},
		"node_modules/uhyphen": {
			"version": "0.2.0",
			"resolved": "https://registry.npmjs.org/uhyphen/-/uhyphen-0.2.0.tgz",
			"integrity": "sha512-qz3o9CHXmJJPGBdqzab7qAYuW8kQGKNEuoHFYrBwV6hWIMcpAmxDLXojcHfFr9US1Pe6zUswEIJIbLI610fuqA==",
			"dev": true,
			"license": "ISC"
		},
		"node_modules/undici-types": {
			"version": "6.19.8",
			"resolved": "https://registry.npmjs.org/undici-types/-/undici-types-6.19.8.tgz",
			"integrity": "sha512-ve2KP6f/JnbPBFyobGHuerC9g1FYGn/F8n1LWTwNxCEzd6IfqTwUQcNXgEtmmQ6DlRrC1hrSrBnCZPokRrDHjw==",
			"dev": true,
			"license": "MIT"
		}
	}
}
